
Microsoft Visual Studio Solution File, Format Version 12.00
# Visual Studio 2013
VisualStudioVersion = 12.0.30723.0
MinimumVisualStudioVersion = 10.0.40219.1
Project("{FAE04EC0-301F-11D3-BF4B-00C04F79EFBC}") = "LOLSever", "LOLSever\LOLSever.csproj", "{AECAAC66-3898-47B4-AC6A-D60208E421AA}"
EndProject
Project("{FAE04EC0-301F-11D3-BF4B-00C04F79EFBC}") = "NetFrame", "NetFrame\NetFrame.csproj", "{DFF2124B-B92D-4A95-85AA-E8F6E8F1D6B1}"
EndProject
Project("{FAE04EC0-301F-11D3-BF4B-00C04F79EFBC}") = "Protocol", "Protocol\Protocol.csproj", "{8C8689C6-3FBC-4584-9D90-E3F84AEE1F58}"
EndProject
Global
	GlobalSection(SolutionConfigurationPlatforms) = preSolution
		Debug|Any CPU = Debug|Any CPU
		Release|Any CPU = Release|Any CPU
	EndGlobalSection
	GlobalSection(ProjectConfigurationPlatforms) = postSolution
		{AECAAC66-3898-47B4-AC6A-D60208E421AA}.Debug|Any CPU.ActiveCfg = Debug|Any CPU
		{AECAAC66-3898-47B4-AC6A-D60208E421AA}.Debug|Any CPU.Build.0 = Debug|Any CPU
		{AECAAC66-3898-47B4-AC6A-D60208E421AA}.Release|Any CPU.ActiveCfg = Release|Any CPU
		{AECAAC66-3898-47B4-AC6A-D60208E421AA}.Release|Any CPU.Build.0 = Release|Any CPU
		{DFF2124B-B92D-4A95-85AA-E8F6E8F1D6B1}.Debug|Any CPU.ActiveCfg = Debug|Any CPU
		{DFF2124B-B92D-4A95-85AA-E8F6E8F1D6B1}.Debug|Any CPU.Build.0 = Debug|Any CPU
		{DFF2124B-B92D-4A95-85AA-E8F6E8F1D6B1}.Release|Any CPU.ActiveCfg = Release|Any CPU
		{DFF2124B-B92D-4A95-85AA-E8F6E8F1D6B1}.Release|Any CPU.Build.0 = Release|Any CPU
		{8C8689C6-3FBC-4584-9D90-E3F84AEE1F58}.Debug|Any CPU.ActiveCfg = Debug|Any CPU
		{8C8689C6-3FBC-4584-9D90-E3F84AEE1F58}.Debug|Any CPU.Build.0 = Debug|Any CPU
		{8C8689C6-3FBC-4584-9D90-E3F84AEE1F58}.Release|Any CPU.ActiveCfg = Release|Any CPU
		{8C8689C6-3FBC-4584-9D90-E3F84AEE1F58}.Release|Any CPU.Build.0 = Release|Any CPU
	EndGlobalSection
	GlobalSection(SolutionProperties) = preSolution
		HideSolutionNode = FALSE
	EndGlobalSection
EndGlobal
